
Microsoft Visual Studio Solution File, Format Version 11.00
# Visual C# Express 2010
Project("{FAE04EC0-301F-11D3-BF4B-00C04F79EFBC}") = "DateSelector", "DateSelector\DateSelector.csproj", "{7476991C-F671-4D1B-B204-CC824F5B1834}"
EndProject
Project("{FAE04EC0-301F-11D3-BF4B-00C04F79EFBC}") = "DateSelectorUsageExample", "DateSelectorUsageExamples\DateSelectorUsageExample.csproj", "{1FB0E6E8-6E48-46F7-8F10-6658638500F8}"
EndProject
Global
	GlobalSection(SolutionConfigurationPlatforms) = preSolution
		Debug|Any CPU = Debug|Any CPU
		Release|Any CPU = Release|Any CPU
	EndGlobalSection
	GlobalSection(ProjectConfigurationPlatforms) = postSolution
		{7476991C-F671-4D1B-B204-CC824F5B1834}.Debug|Any CPU.ActiveCfg = Debug|Any CPU
		{7476991C-F671-4D1B-B204-CC824F5B1834}.Debug|Any CPU.Build.0 = Debug|Any CPU
		{7476991C-F671-4D1B-B204-CC824F5B1834}.Release|Any CPU.ActiveCfg = Release|Any CPU
		{7476991C-F671-4D1B-B204-CC824F5B1834}.Release|Any CPU.Build.0 = Release|Any CPU
		{1FB0E6E8-6E48-46F7-8F10-6658638500F8}.Debug|Any CPU.ActiveCfg = Debug|Any CPU
		{1FB0E6E8-6E48-46F7-8F10-6658638500F8}.Debug|Any CPU.Build.0 = Debug|Any CPU
		{1FB0E6E8-6E48-46F7-8F10-6658638500F8}.Release|Any CPU.ActiveCfg = Release|Any CPU
		{1FB0E6E8-6E48-46F7-8F10-6658638500F8}.Release|Any CPU.Build.0 = Release|Any CPU
	EndGlobalSection
	GlobalSection(SolutionProperties) = preSolution
		HideSolutionNode = FALSE
	EndGlobalSection
EndGlobal
